
Microsoft Visual Studio Solution File, Format Version 12.00
Project("{FAE04EC0-301F-11D3-BF4B-00C04F79EFBC}") = "CustomerManagerIngest", "CustomerManagerIngest\src\CustomerManagerIngest\CustomerManagerIngest.csproj", "{1EAE32D4-491D-4705-885E-DD7917D461B1}"
EndProject
Project("{FAE04EC0-301F-11D3-BF4B-00C04F79EFBC}") = "CustomerManagerIngest.Tests", "CustomerManagerIngest.Tests\CustomerManagerIngest.Tests.csproj", "{E160F9B2-72C3-47F5-913B-C3E082EDE38A}"
EndProject
Global
	GlobalSection(SolutionConfigurationPlatforms) = preSolution
		Debug|Any CPU = Debug|Any CPU
		Release|Any CPU = Release|Any CPU
	EndGlobalSection
	GlobalSection(ProjectConfigurationPlatforms) = postSolution
		{1EAE32D4-491D-4705-885E-DD7917D461B1}.Debug|Any CPU.ActiveCfg = Debug|Any CPU
		{1EAE32D4-491D-4705-885E-DD7917D461B1}.Debug|Any CPU.Build.0 = Debug|Any CPU
		{1EAE32D4-491D-4705-885E-DD7917D461B1}.Release|Any CPU.ActiveCfg = Release|Any CPU
		{1EAE32D4-491D-4705-885E-DD7917D461B1}.Release|Any CPU.Build.0 = Release|Any CPU
		{E160F9B2-72C3-47F5-913B-C3E082EDE38A}.Debug|Any CPU.ActiveCfg = Debug|Any CPU
		{E160F9B2-72C3-47F5-913B-C3E082EDE38A}.Debug|Any CPU.Build.0 = Debug|Any CPU
		{E160F9B2-72C3-47F5-913B-C3E082EDE38A}.Release|Any CPU.ActiveCfg = Release|Any CPU
		{E160F9B2-72C3-47F5-913B-C3E082EDE38A}.Release|Any CPU.Build.0 = Release|Any CPU
	EndGlobalSection
EndGlobal
